
Microsoft Visual Studio Solution File, Format Version 12.00
# Visual Studio Version 17
VisualStudioVersion = 17.0.32014.148
MinimumVisualStudioVersion = 10.0.40219.1
Project("{9A19103F-16F7-4668-BE54-9A1E7A4F7556}") = "RealEstateWebApp", "RealEstateWebApp\RealEstateWebApp.csproj", "{D41E5F40-497A-486E-833D-784D8B05D503}"
EndProject
Project("{FAE04EC0-301F-11D3-BF4B-00C04F79EFBC}") = "RealEstateWebApp.Tests", "RealEstateWebApp.Tests\RealEstateWebApp.Tests.csproj", "{DB3F3952-0BCC-4408-BEDF-4A51A7927296}"
EndProject
Global
	GlobalSection(SolutionConfigurationPlatforms) = preSolution
		Debug|Any CPU = Debug|Any CPU
		Release|Any CPU = Release|Any CPU
	EndGlobalSection
	GlobalSection(ProjectConfigurationPlatforms) = postSolution
		{D41E5F40-497A-486E-833D-784D8B05D503}.Debug|Any CPU.ActiveCfg = Debug|Any CPU
		{D41E5F40-497A-486E-833D-784D8B05D503}.Debug|Any CPU.Build.0 = Debug|Any CPU
		{D41E5F40-497A-486E-833D-784D8B05D503}.Release|Any CPU.ActiveCfg = Release|Any CPU
		{D41E5F40-497A-486E-833D-784D8B05D503}.Release|Any CPU.Build.0 = Release|Any CPU
		{DB3F3952-0BCC-4408-BEDF-4A51A7927296}.Debug|Any CPU.ActiveCfg = Debug|Any CPU
		{DB3F3952-0BCC-4408-BEDF-4A51A7927296}.Debug|Any CPU.Build.0 = Debug|Any CPU
		{DB3F3952-0BCC-4408-BEDF-4A51A7927296}.Release|Any CPU.ActiveCfg = Release|Any CPU
		{DB3F3952-0BCC-4408-BEDF-4A51A7927296}.Release|Any CPU.Build.0 = Release|Any CPU
	EndGlobalSection
	GlobalSection(SolutionProperties) = preSolution
		HideSolutionNode = FALSE
	EndGlobalSection
	GlobalSection(ExtensibilityGlobals) = postSolution
		SolutionGuid = {46ECD6D4-2270-40A1-82C2-E7996747CFB8}
	EndGlobalSection
EndGlobal
